
Microsoft Visual Studio Solution File, Format Version 12.00
# Visual Studio 15
VisualStudioVersion = 15.0.27703.2047
MinimumVisualStudioVersion = 10.0.40219.1
Project("{FAE04EC0-301F-11D3-BF4B-00C04F79EFBC}") = "MVC Application Assignment 1", "MVC Application Assignment 1\MVC Application Assignment 1.csproj", "{76A7549A-6AAD-49F1-BBBA-C9848D96AFC3}"
EndProject
Global
	GlobalSection(SolutionConfigurationPlatforms) = preSolution
		Debug|Any CPU = Debug|Any CPU
		Release|Any CPU = Release|Any CPU
	EndGlobalSection
	GlobalSection(ProjectConfigurationPlatforms) = postSolution
		{76A7549A-6AAD-49F1-BBBA-C9848D96AFC3}.Debug|Any CPU.ActiveCfg = Debug|Any CPU
		{76A7549A-6AAD-49F1-BBBA-C9848D96AFC3}.Debug|Any CPU.Build.0 = Debug|Any CPU
		{76A7549A-6AAD-49F1-BBBA-C9848D96AFC3}.Release|Any CPU.ActiveCfg = Release|Any CPU
		{76A7549A-6AAD-49F1-BBBA-C9848D96AFC3}.Release|Any CPU.Build.0 = Release|Any CPU
	EndGlobalSection
	GlobalSection(SolutionProperties) = preSolution
		HideSolutionNode = FALSE
	EndGlobalSection
	GlobalSection(ExtensibilityGlobals) = postSolution
		SolutionGuid = {2BA2686E-C464-4D96-BE24-B4B600BD47B7}
	EndGlobalSection
EndGlobal
